
Microsoft Visual Studio Solution File, Format Version 12.00
# Visual Studio 15
VisualStudioVersion = 15.0.27703.2000
MinimumVisualStudioVersion = 10.0.40219.1
Project("{FAE04EC0-301F-11D3-BF4B-00C04F79EFBC}") = "Lab2", "Lab2.V4-4\Lab2.csproj", "{4CDC8812-E7D8-40AD-BDB7-7717DC374767}"
EndProject
Project("{FAE04EC0-301F-11D3-BF4B-00C04F79EFBC}") = "UnitTestProject1", "UnitTestProject1\UnitTestProject1.csproj", "{7FD90E23-8782-4E49-995E-8E9020A206C9}"
EndProject
Global
	GlobalSection(SolutionConfigurationPlatforms) = preSolution
		Debug|Any CPU = Debug|Any CPU
		Debug|ARM = Debug|ARM
		Debug|x64 = Debug|x64
		Debug|x86 = Debug|x86
		Release|Any CPU = Release|Any CPU
		Release|ARM = Release|ARM
		Release|x64 = Release|x64
		Release|x86 = Release|x86
	EndGlobalSection
	GlobalSection(ProjectConfigurationPlatforms) = postSolution
		{4CDC8812-E7D8-40AD-BDB7-7717DC374767}.Debug|Any CPU.ActiveCfg = Debug|Any CPU
		{4CDC8812-E7D8-40AD-BDB7-7717DC374767}.Debug|Any CPU.Build.0 = Debug|Any CPU
		{4CDC8812-E7D8-40AD-BDB7-7717DC374767}.Debug|ARM.ActiveCfg = Debug|Any CPU
		{4CDC8812-E7D8-40AD-BDB7-7717DC374767}.Debug|ARM.Build.0 = Debug|Any CPU
		{4CDC8812-E7D8-40AD-BDB7-7717DC374767}.Debug|x64.ActiveCfg = Debug|Any CPU
		{4CDC8812-E7D8-40AD-BDB7-7717DC374767}.Debug|x64.Build.0 = Debug|Any CPU
		{4CDC8812-E7D8-40AD-BDB7-7717DC374767}.Debug|x86.ActiveCfg = Debug|Any CPU
		{4CDC8812-E7D8-40AD-BDB7-7717DC374767}.Debug|x86.Build.0 = Debug|Any CPU
		{4CDC8812-E7D8-40AD-BDB7-7717DC374767}.Release|Any CPU.ActiveCfg = Release|Any CPU
		{4CDC8812-E7D8-40AD-BDB7-7717DC374767}.Release|Any CPU.Build.0 = Release|Any CPU
		{4CDC8812-E7D8-40AD-BDB7-7717DC374767}.Release|ARM.ActiveCfg = Release|Any CPU
		{4CDC8812-E7D8-40AD-BDB7-7717DC374767}.Release|ARM.Build.0 = Release|Any CPU
		{4CDC8812-E7D8-40AD-BDB7-7717DC374767}.Release|x64.ActiveCfg = Release|Any CPU
		{4CDC8812-E7D8-40AD-BDB7-7717DC374767}.Release|x64.Build.0 = Release|Any CPU
		{4CDC8812-E7D8-40AD-BDB7-7717DC374767}.Release|x86.ActiveCfg = Release|Any CPU
		{4CDC8812-E7D8-40AD-BDB7-7717DC374767}.Release|x86.Build.0 = Release|Any CPU
		{7FD90E23-8782-4E49-995E-8E9020A206C9}.Debug|Any CPU.ActiveCfg = Debug|Any CPU
		{7FD90E23-8782-4E49-995E-8E9020A206C9}.Debug|Any CPU.Build.0 = Debug|Any CPU
		{7FD90E23-8782-4E49-995E-8E9020A206C9}.Debug|ARM.ActiveCfg = Debug|Any CPU
		{7FD90E23-8782-4E49-995E-8E9020A206C9}.Debug|ARM.Build.0 = Debug|Any CPU
		{7FD90E23-8782-4E49-995E-8E9020A206C9}.Debug|x64.ActiveCfg = Debug|Any CPU
		{7FD90E23-8782-4E49-995E-8E9020A206C9}.Debug|x64.Build.0 = Debug|Any CPU
		{7FD90E23-8782-4E49-995E-8E9020A206C9}.Debug|x86.ActiveCfg = Debug|Any CPU
		{7FD90E23-8782-4E49-995E-8E9020A206C9}.Debug|x86.Build.0 = Debug|Any CPU
		{7FD90E23-8782-4E49-995E-8E9020A206C9}.Release|Any CPU.ActiveCfg = Release|Any CPU
		{7FD90E23-8782-4E49-995E-8E9020A206C9}.Release|Any CPU.Build.0 = Release|Any CPU
		{7FD90E23-8782-4E49-995E-8E9020A206C9}.Release|ARM.ActiveCfg = Release|Any CPU
		{7FD90E23-8782-4E49-995E-8E9020A206C9}.Release|ARM.Build.0 = Release|Any CPU
		{7FD90E23-8782-4E49-995E-8E9020A206C9}.Release|x64.ActiveCfg = Release|Any CPU
		{7FD90E23-8782-4E49-995E-8E9020A206C9}.Release|x64.Build.0 = Release|Any CPU
		{7FD90E23-8782-4E49-995E-8E9020A206C9}.Release|x86.ActiveCfg = Release|Any CPU
		{7FD90E23-8782-4E49-995E-8E9020A206C9}.Release|x86.Build.0 = Release|Any CPU
	EndGlobalSection
	GlobalSection(SolutionProperties) = preSolution
		HideSolutionNode = FALSE
	EndGlobalSection
	GlobalSection(ExtensibilityGlobals) = postSolution
		SolutionGuid = {588FD105-742D-47F1-ACD4-7E194F5C615F}
	EndGlobalSection
EndGlobal
